{
    "name": "yaksha-language-support",
    "version": "0.0.1",
    "lockfileVersion": 2,
    "requires": true,
    "packages": {
        "": {
            "name": "yaksha-language-support",
            "version": "0.0.1",
            "engines": {
                "vscode": "^1.64.0"
            }
        }
    }
}
